
Microsoft Visual Studio Solution File, Format Version 12.00
# Visual Studio Version 17
VisualStudioVersion = 17.2.32516.85
MinimumVisualStudioVersion = 10.0.40219.1
Project("{9A19103F-16F7-4668-BE54-9A1E7A4F7556}") = "ORMFund2", "ORMFund2\ORMFund2.csproj", "{4E19B2B9-0481-454B-AA07-0E07CE4B8A01}"
EndProject
Project("{FAE04EC0-301F-11D3-BF4B-00C04F79EFBC}") = "CoeFirstDemo", "CoeFirstDemo\CoeFirstDemo.csproj", "{B065073C-49CE-47EA-8218-B19B69463482}"
EndProject
Global
	GlobalSection(SolutionConfigurationPlatforms) = preSolution
		Debug|Any CPU = Debug|Any CPU
		Release|Any CPU = Release|Any CPU
	EndGlobalSection
	GlobalSection(ProjectConfigurationPlatforms) = postSolution
		{4E19B2B9-0481-454B-AA07-0E07CE4B8A01}.Debug|Any CPU.ActiveCfg = Debug|Any CPU
		{4E19B2B9-0481-454B-AA07-0E07CE4B8A01}.Debug|Any CPU.Build.0 = Debug|Any CPU
		{4E19B2B9-0481-454B-AA07-0E07CE4B8A01}.Release|Any CPU.ActiveCfg = Release|Any CPU
		{4E19B2B9-0481-454B-AA07-0E07CE4B8A01}.Release|Any CPU.Build.0 = Release|Any CPU
		{B065073C-49CE-47EA-8218-B19B69463482}.Debug|Any CPU.ActiveCfg = Debug|Any CPU
		{B065073C-49CE-47EA-8218-B19B69463482}.Debug|Any CPU.Build.0 = Debug|Any CPU
		{B065073C-49CE-47EA-8218-B19B69463482}.Release|Any CPU.ActiveCfg = Release|Any CPU
		{B065073C-49CE-47EA-8218-B19B69463482}.Release|Any CPU.Build.0 = Release|Any CPU
	EndGlobalSection
	GlobalSection(SolutionProperties) = preSolution
		HideSolutionNode = FALSE
	EndGlobalSection
	GlobalSection(ExtensibilityGlobals) = postSolution
		SolutionGuid = {158CC818-247F-49FF-92F9-573D91F3D678}
	EndGlobalSection
EndGlobal
