
Microsoft Visual Studio Solution File, Format Version 12.00
# Visual Studio Version 17
VisualStudioVersion = 17.2.32516.85
MinimumVisualStudioVersion = 10.0.40219.1
Project("{FAE04EC0-301F-11D3-BF4B-00C04F79EFBC}") = "SoftUni", "ConsoleApp1\SoftUni.csproj", "{B253D957-AB01-4E37-8986-7C35C7048301}"
EndProject
Global
	GlobalSection(SolutionConfigurationPlatforms) = preSolution
		Debug|Any CPU = Debug|Any CPU
		Release|Any CPU = Release|Any CPU
	EndGlobalSection
	GlobalSection(ProjectConfigurationPlatforms) = postSolution
		{B253D957-AB01-4E37-8986-7C35C7048301}.Debug|Any CPU.ActiveCfg = Debug|Any CPU
		{B253D957-AB01-4E37-8986-7C35C7048301}.Debug|Any CPU.Build.0 = Debug|Any CPU
		{B253D957-AB01-4E37-8986-7C35C7048301}.Release|Any CPU.ActiveCfg = Release|Any CPU
		{B253D957-AB01-4E37-8986-7C35C7048301}.Release|Any CPU.Build.0 = Release|Any CPU
	EndGlobalSection
	GlobalSection(SolutionProperties) = preSolution
		HideSolutionNode = FALSE
	EndGlobalSection
	GlobalSection(ExtensibilityGlobals) = postSolution
		SolutionGuid = {ADCE5C74-E790-4D0A-9860-EB2403333066}
	EndGlobalSection
EndGlobal
